// !$*UTF8*$!
{
	archiveVersion = 1;
	classes = {
	};
	objectVersion = 50;
	objects = {

/* Begin PBXBuildFile section */
		14C425D8236B48F400004D0D /* AppDelegate.swift in Sources */ = {isa = PBXBuildFile; fileRef = 14C425D7236B48F400004D0D /* AppDelegate.swift */; };
		14C425DA236B48F400004D0D /* SceneDelegate.swift in Sources */ = {isa = PBXBuildFile; fileRef = 14C425D9236B48F400004D0D /* SceneDelegate.swift */; };
		14C425DC236B48F400004D0D /* AboutViewController.swift in Sources */ = {isa = PBXBuildFile; fileRef = 14C425DB236B48F400004D0D /* AboutViewController.swift */; };
		14C425DF236B48F400004D0D /* Main.storyboard in Resources */ = {isa = PBXBuildFile; fileRef = 14C425DD236B48F400004D0D /* Main.storyboard */; };
		14C425E1236B48F500004D0D /* Assets.xcassets in Resources */ = {isa = PBXBuildFile; fileRef = 14C425E0236B48F500004D0D /* Assets.xcassets */; };
		14C425E4236B48F500004D0D /* LaunchScreen.storyboard in Resources */ = {isa = PBXBuildFile; fileRef = 14C425E2236B48F500004D0D /* LaunchScreen.storyboard */; };
		7B0C8AAE236F9D8A00894462 /* FractalCell.swift in Sources */ = {isa = PBXBuildFile; fileRef = 7B0C8AAD236F9D8A00894462 /* FractalCell.swift */; };
/* End PBXBuildFile section */

/* Begin PBXFileReference section */
		14C425D4236B48F400004D0D /* FractalAppUI.app */ = {isa = PBXFileReference; explicitFileType = wrapper.application; includeInIndex = 0; path = FractalAppUI.app; sourceTree = BUILT_PRODUCTS_DIR; };
		14C425D7236B48F400004D0D /* AppDelegate.swift */ = {isa = PBXFileReference; lastKnownFileType = sourcecode.swift; path = AppDelegate.swift; sourceTree = "<group>"; };
		14C425D9236B48F400004D0D /* SceneDelegate.swift */ = {isa = PBXFileReference; lastKnownFileType = sourcecode.swift; path = SceneDelegate.swift; sourceTree = "<group>"; };
		14C425DB236B48F400004D0D /* AboutViewController.swift */ = {isa = PBXFileReference; lastKnownFileType = sourcecode.swift; path = AboutViewController.swift; sourceTree = "<group>"; };
		14C425DE236B48F400004D0D /* Base */ = {isa = PBXFileReference; lastKnownFileType = file.storyboard; name = Base; path = Base.lproj/Main.storyboard; sourceTree = "<group>"; };
		14C425E0236B48F500004D0D /* Assets.xcassets */ = {isa = PBXFileReference; lastKnownFileType = folder.assetcatalog; path = Assets.xcassets; sourceTree = "<group>"; };
		14C425E3236B48F500004D0D /* Base */ = {isa = PBXFileReference; lastKnownFileType = file.storyboard; name = Base; path = Base.lproj/LaunchScreen.storyboard; sourceTree = "<group>"; };
		14C425E5236B48F500004D0D /* Info.plist */ = {isa = PBXFileReference; lastKnownFileType = text.plist.xml; path = Info.plist; sourceTree = "<group>"; };
		7B0C8AAD236F9D8A00894462 /* FractalCell.swift */ = {isa = PBXFileReference; lastKnownFileType = sourcecode.swift; path = FractalCell.swift; sourceTree = "<group>"; };
/* End PBXFileReference section */

/* Begin PBXFrameworksBuildPhase section */
		14C425D1236B48F400004D0D /* Frameworks */ = {
			isa = PBXFrameworksBuildPhase;
			buildActionMask = 2147483647;
			files = (
			);
			runOnlyForDeploymentPostprocessing = 0;
		};
/* End PBXFrameworksBuildPhase section */

/* Begin PBXGroup section */
		14C425CB236B48F400004D0D = {
			isa = PBXGroup;
			children = (
				14C425D6236B48F400004D0D /* FractalAppUI */,
				14C425D5236B48F400004D0D /* Products */,
			);
			sourceTree = "<group>";
		};
		14C425D5236B48F400004D0D /* Products */ = {
			isa = PBXGroup;
			children = (
				14C425D4236B48F400004D0D /* FractalAppUI.app */,
			);
			name = Products;
			sourceTree = "<group>";
		};
		14C425D6236B48F400004D0D /* FractalAppUI */ = {
			isa = PBXGroup;
			children = (
				14C425D7236B48F400004D0D /* AppDelegate.swift */,
				14C425D9236B48F400004D0D /* SceneDelegate.swift */,
				14C425DB236B48F400004D0D /* AboutViewController.swift */,
				7B0C8AAD236F9D8A00894462 /* FractalCell.swift */,
				14C425DD236B48F400004D0D /* Main.storyboard */,
				14C425E0236B48F500004D0D /* Assets.xcassets */,
				14C425E2236B48F500004D0D /* LaunchScreen.storyboard */,
				14C425E5236B48F500004D0D /* Info.plist */,
			);
			path = FractalAppUI;
			sourceTree = "<group>";
		};
/* End PBXGroup section */

/* Begin PBXNativeTarget section */
		14C425D3236B48F400004D0D /* FractalAppUI */ = {
			isa = PBXNativeTarget;
			buildConfigurationList = 14C425E8236B48F500004D0D /* Build configuration list for PBXNativeTarget "FractalAppUI" */;
			buildPhases = (
				14C425D0236B48F400004D0D /* Sources */,
				14C425D1236B48F400004D0D /* Frameworks */,
				14C425D2236B48F400004D0D /* Resources */,
			);
			buildRules = (
			);
			dependencies = (
			);
			name = FractalAppUI;
			productName = FractalAppUI;
			productReference = 14C425D4236B48F400004D0D /* FractalAppUI.app */;
			productType = "com.apple.product-type.application";
		};
/* End PBXNativeTarget section */

/* Begin PBXProject section */
		14C425CC236B48F400004D0D /* Project object */ = {
			isa = PBXProject;
			attributes = {
				LastSwiftUpdateCheck = 1110;
				LastUpgradeCheck = 1110;
				ORGANIZATIONNAME = "Team Name";
				TargetAttributes = {
					14C425D3236B48F400004D0D = {
						CreatedOnToolsVersion = 11.1;
					};
				};
			};
			buildConfigurationList = 14C425CF236B48F400004D0D /* Build configuration list for PBXProject "FractalAppUI" */;
			compatibilityVersion = "Xcode 9.3";
			developmentRegion = en;
			hasScannedForEncodings = 0;
			knownRegions = (
				en,
				Base,
			);
			mainGroup = 14C425CB236B48F400004D0D;
			productRefGroup = 14C425D5236B48F400004D0D /* Products */;
			projectDirPath = "";
			projectRoot = "";
			targets = (
				14C425D3236B48F400004D0D /* FractalAppUI */,
			);
		};
/* End PBXProject section */

/* Begin PBXResourcesBuildPhase section */
		14C425D2236B48F400004D0D /* Resources */ = {
			isa = PBXResourcesBuildPhase;
			buildActionMask = 2147483647;
			files = (
				14C425E4236B48F500004D0D /* LaunchScreen.storyboard in Resources */,
				14C425E1236B48F500004D0D /* Assets.xcassets in Resources */,
				14C425DF236B48F400004D0D /* Main.storyboard in Resources */,
			);
			runOnlyForDeploymentPostprocessing = 0;
		};
/* End PBXResourcesBuildPhase section */

/* Begin PBXSourcesBuildPhase section */
		14C425D0236B48F400004D0D /* Sources */ = {
			isa = PBXSourcesBuildPhase;
			buildActionMask = 2147483647;
			files = (
				14C425DC236B48F400004D0D /* AboutViewController.swift in Sources */,
				7B0C8AAE236F9D8A00894462 /* FractalCell.swift in Sources */,
				14C425D8236B48F400004D0D /* AppDelegate.swift in Sources */,
				14C425DA236B48F400004D0D /* SceneDelegate.swift in Sources */,
			);
			runOnlyForDeploymentPostprocessing = 0;
		};
/* End PBXSourcesBuildPhase section */

/* Begin PBXVariantGroup section */
		14C425DD236B48F400004D0D /* Main.storyboard */ = {
			isa = PBXVariantGroup;
			children = (
				14C425DE236B48F400004D0D /* Base */,
			);
			name = Main.storyboard;
			sourceTree = "<group>";
		};
		14C425E2236B48F500004D0D /* LaunchScreen.storyboard */ = {
			isa = PBXVariantGroup;
			children = (
				14C425E3236B48F500004D0D /* Base */,
			);
			name = LaunchScreen.storyboard;
			sourceTree = "<group>";
		};
/* End PBXVariantGroup section */

/* Begin XCBuildConfiguration section */
		14C425E6236B48F500004D0D /* Debug */ = {
			isa = XCBuildConfiguration;
			buildSettings = {
				ALWAYS_SEARCH_USER_PATHS = NO;
				CLANG_ANALYZER_NONNULL = YES;
				CLANG_ANALYZER_NUMBER_OBJECT_CONVERSION = YES_AGGRESSIVE;
				CLANG_CXX_LANGUAGE_STANDARD = "gnu++14";
				CLANG_CXX_LIBRARY = "libc++";
				CLANG_ENABLE_MODULES = YES;
				CLANG_ENABLE_OBJC_ARC = YES;
				CLANG_ENABLE_OBJC_WEAK = YES;
				CLANG_WARN_BLOCK_CAPTURE_AUTORELEASING = YES;
				CLANG_WARN_BOOL_CONVERSION = YES;
				CLANG_WARN_COMMA = YES;
				CLANG_WARN_CONSTANT_CONVERSION = YES;
				CLANG_WARN_DEPRECATED_OBJC_IMPLEMENTATIONS = YES;
				CLANG_WARN_DIRECT_OBJC_ISA_USAGE = YES_ERROR;
				CLANG_WARN_DOCUMENTATION_COMMENTS = YES;
				CLANG_WARN_EMPTY_BODY = YES;
				CLANG_WARN_ENUM_CONVERSION = YES;
				CLANG_WARN_INFINITE_RECURSION = YES;
				CLANG_WARN_INT_CONVERSION = YES;
				CLANG_WARN_NON_LITERAL_NULL_CONVERSION = YES;
				CLANG_WARN_OBJC_IMPLICIT_RETAIN_SELF = YES;
				CLANG_WARN_OBJC_LITERAL_CONVERSION = YES;
				CLANG_WARN_OBJC_ROOT_CLASS = YES_ERROR;
				CLANG_WARN_RANGE_LOOP_ANALYSIS = YES;
				CLANG_WARN_STRICT_PROTOTYPES = YES;
				CLANG_WARN_SUSPICIOUS_MOVE = YES;
				CLANG_WARN_UNGUARDED_AVAILABILITY = YES_AGGRESSIVE;
				CLANG_WARN_UNREACHABLE_CODE = YES;
				CLANG_WARN__DUPLICATE_METHOD_MATCH = YES;
				COPY_PHASE_STRIP = NO;
				DEBUG_INFORMATION_FORMAT = dwarf;
				ENABLE_STRICT_OBJC_MSGSEND = YES;
				ENABLE_TESTABILITY = YES;
				GCC_C_LANGUAGE_STANDARD = gnu11;
				GCC_DYNAMIC_NO_PIC = NO;
				GCC_NO_COMMON_BLOCKS = YES;
				GCC_OPTIMIZATION_LEVEL = 0;
				GCC_PREPROCESSOR_DEFINITIONS = (
					"DEBUG=1",
					"$(inherited)",
				);
				GCC_WARN_64_TO_32_BIT_CONVERSION = YES;
				GCC_WARN_ABOUT_RETURN_TYPE = YES_ERROR;
				GCC_WARN_UNDECLARED_SELECTOR = YES;
				GCC_WARN_UNINITIALIZED_AUTOS = YES_AGGRESSIVE;
				GCC_WARN_UNUSED_FUNCTION = YES;
				GCC_WARN_UNUSED_VARIABLE = YES;
				IPHONEOS_DEPLOYMENT_TARGET = 13.1;
				MTL_ENABLE_DEBUG_INFO = INCLUDE_SOURCE;
				MTL_FAST_MATH = YES;
				ONLY_ACTIVE_ARCH = YES;
				SDKROOT = iphoneos;
				SWIFT_ACTIVE_COMPILATION_CONDITIONS = DEBUG;
				SWIFT_OPTIMIZATION_LEVEL = "-Onone";
			};
			name = Debug;
		};
		14C425E7236B48F500004D0D /* Release */ = {
			isa = XCBuildConfiguration;
			buildSettings = {
				ALWAYS_SEARCH_USER_PATHS = NO;
				CLANG_ANALYZER_NONNULL = YES;
				CLANG_ANALYZER_NUMBER_OBJECT_CONVERSION = YES_AGGRESSIVE;
				CLANG_CXX_LANGUAGE_STANDARD = "gnu++14";
				CLANG_CXX_LIBRARY = "libc++";
				CLANG_ENABLE_MODULES = YES;
				CLANG_ENABLE_OBJC_ARC = YES;
				CLANG_ENABLE_OBJC_WEAK = YES;
				CLANG_WARN_BLOCK_CAPTURE_AUTORELEASING = YES;
				CLANG_WARN_BOOL_CONVERSION = YES;
				CLANG_WARN_COMMA = YES;
				CLANG_WARN_CONSTANT_CONVERSION = YES;
				CLANG_WARN_DEPRECATED_OBJC_IMPLEMENTATIONS = YES;
				CLANG_WARN_DIRECT_OBJC_ISA_USAGE = YES_ERROR;
				CLANG_WARN_DOCUMENTATION_COMMENTS = YES;
				CLANG_WARN_EMPTY_BODY = YES;
				CLANG_WARN_ENUM_CONVERSION = YES;
				CLANG_WARN_INFINITE_RECURSION = YES;
				CLANG_WARN_INT_CONVERSION = YES;
				CLANG_WARN_NON_LITERAL_NULL_CONVERSION = YES;
				CLANG_WARN_OBJC_IMPLICIT_RETAIN_SELF = YES;
				CLANG_WARN_OBJC_LITERAL_CONVERSION = YES;
				CLANG_WARN_OBJC_ROOT_CLASS = YES_ERROR;
				CLANG_WARN_RANGE_LOOP_ANALYSIS = YES;
				CLANG_WARN_STRICT_PROTOTYPES = YES;
				CLANG_WARN_SUSPICIOUS_MOVE = YES;
				CLANG_WARN_UNGUARDED_AVAILABILITY = YES_AGGRESSIVE;
				CLANG_WARN_UNREACHABLE_CODE = YES;
				CLANG_WARN__DUPLICATE_METHOD_MATCH = YES;
				COPY_PHASE_STRIP = NO;
				DEBUG_INFORMATION_FORMAT = "dwarf-with-dsym";
				ENABLE_NS_ASSERTIONS = NO;
				ENABLE_STRICT_OBJC_MSGSEND = YES;
				GCC_C_LANGUAGE_STANDARD = gnu11;
				GCC_NO_COMMON_BLOCKS = YES;
				GCC_WARN_64_TO_32_BIT_CONVERSION = YES;
				GCC_WARN_ABOUT_RETURN_TYPE = YES_ERROR;
				GCC_WARN_UNDECLARED_SELECTOR = YES;
				GCC_WARN_UNINITIALIZED_AUTOS = YES_AGGRESSIVE;
				GCC_WARN_UNUSED_FUNCTION = YES;
				GCC_WARN_UNUSED_VARIABLE = YES;
				IPHONEOS_DEPLOYMENT_TARGET = 13.1;
				MTL_ENABLE_DEBUG_INFO = NO;
				MTL_FAST_MATH = YES;
				SDKROOT = iphoneos;
				SWIFT_COMPILATION_MODE = wholemodule;
				SWIFT_OPTIMIZATION_LEVEL = "-O";
				VALIDATE_PRODUCT = YES;
			};
			name = Release;
		};
		14C425E9236B48F500004D0D /* Debug */ = {
			isa = XCBuildConfiguration;
			buildSettings = {
				ASSETCATALOG_COMPILER_APPICON_NAME = AppIcon;
				CODE_SIGN_STYLE = Automatic;
				DEVELOPMENT_TEAM = 38G88H73CQ;
				INFOPLIST_FILE = FractalAppUI/Info.plist;
				IPHONEOS_DEPLOYMENT_TARGET = 13.0;
				LD_RUNPATH_SEARCH_PATHS = (
					"$(inherited)",
					"@executable_path/Frameworks",
				);
				PRODUCT_BUNDLE_IDENTIFIER = edu.uky.cs.FractalAppUI;
				PRODUCT_NAME = "$(TARGET_NAME)";
				SWIFT_VERSION = 5.0;
				TARGETED_DEVICE_FAMILY = "1,2";
			};
			name = Debug;
		};
		14C425EA236B48F500004D0D /* Release */ = {
			isa = XCBuildConfiguration;
			buildSettings = {
				ASSETCATALOG_COMPILER_APPICON_NAME = AppIcon;
				CODE_SIGN_STYLE = Automatic;
				DEVELOPMENT_TEAM = 38G88H73CQ;
				INFOPLIST_FILE = FractalAppUI/Info.plist;
				IPHONEOS_DEPLOYMENT_TARGET = 13.0;
				LD_RUNPATH_SEARCH_PATHS = (
					"$(inherited)",
					"@executable_path/Frameworks",
				);
				PRODUCT_BUNDLE_IDENTIFIER = edu.uky.cs.FractalAppUI;
				PRODUCT_NAME = "$(TARGET_NAME)";
				SWIFT_VERSION = 5.0;
				TARGETED_DEVICE_FAMILY = "1,2";
			};
			name = Release;
		};
/* End XCBuildConfiguration section */

/* Begin XCConfigurationList section */
		14C425CF236B48F400004D0D /* Build configuration list for PBXProject "FractalAppUI" */ = {
			isa = XCConfigurationList;
			buildConfigurations = (
				14C425E6236B48F500004D0D /* Debug */,
				14C425E7236B48F500004D0D /* Release */,
			);
			defaultConfigurationIsVisible = 0;
			defaultConfigurationName = Release;
		};
		14C425E8236B48F500004D0D /* Build configuration list for PBXNativeTarget "FractalAppUI" */ = {
			isa = XCConfigurationList;
			buildConfigurations = (
				14C425E9236B48F500004D0D /* Debug */,
				14C425EA236B48F500004D0D /* Release */,
			);
			defaultConfigurationIsVisible = 0;
			defaultConfigurationName = Release;
		};
/* End XCConfigurationList section */
	};
	rootObject = 14C425CC236B48F400004D0D /* Project object */;
}
